version = 1
revision = 3
requires-python = ">=3.10"

[[package]]
name = "cfgv"
version = "3.4.0"
source = { registry = "https://pypi.org/simple" }
sdist = { url = "https://files.pythonhosted.org/packages/11/74/539e56497d9bd1d484fd863dd69cbbfa653cd2aa27abfe35653494d85e94/cfgv-3.4.0.tar.gz", hash = "sha256:e52591d4c5f5dead8e0f673fb16db7949d2cfb3f7da4582893288f0ded8fe560", size = 7114, upload-time = "2023-08-12T20:38:17.776Z" }
wheels = [
    { url = "https://files.pythonhosted.org/packages/c5/55/51844dd50c4fc7a33b653bfaba4c2456f06955289ca770a5dbd5fd267374/cfgv-3.4.0-py2.py3-none-any.whl", hash = "sha256:b7265b1f29fd3316bfcd2b330d63d024f2bfd8bcb8b0272f8e19a504856c48f9", size = 7249, upload-time = "2023-08-12T20:38:16.269Z" },
]

[[package]]
name = "colorama"
version = "0.4.6"
source = { registry = "https://pypi.org/simple" }
sdist = { url = "https://files.pythonhosted.org/packages/d8/53/6f443c9a4a8358a93a6792e2acffb9d9d5cb0a5cfd8802644b7b1c9a02e4/colorama-0.4.6.tar.gz", hash = "sha256:08695f5cb7ed6e0531a20572697297273c47b8cae5a63ffc6d6ed5c201be6e44", size = 27697, upload-time = "2022-10-25T02:36:22.414Z" }
wheels = [
    { url = "https://files.pythonhosted.org/packages/d1/d6/3965ed04c63042e047cb6a3e6ed1a63a35087b6a609aa3a15ed8ac56c221/colorama-0.4.6-py2.py3-none-any.whl", hash = "sha256:4f1d9991f5acc0ca119f9d443620b77f9d6b33703e51011c16baf57afb285fc6", size = 25335, upload-time = "2022-10-25T02:36:20.889Z" },
]

[[package]]
name = "coverage"
version = "7.9.1"
source = { registry = "https://pypi.org/simple" }
sdist = { url = "https://files.pythonhosted.org/packages/e7/e0/98670a80884f64578f0c22cd70c5e81a6e07b08167721c7487b4d70a7ca0/coverage-7.9.1.tar.gz", hash = "sha256:6cf43c78c4282708a28e466316935ec7489a9c487518a77fa68f716c67909cec", size = 813650, upload-time = "2025-06-13T13:02:28.627Z" }
wheels = [
    { url = "https://files.pythonhosted.org/packages/c1/78/1c1c5ec58f16817c09cbacb39783c3655d54a221b6552f47ff5ac9297603/coverage-7.9.1-cp310-cp310-macosx_10_9_x86_64.whl", hash = "sha256:cc94d7c5e8423920787c33d811c0be67b7be83c705f001f7180c7b186dcf10ca", size = 212028, upload-time = "2025-06-13T13:00:29.293Z" },
    { url = "https://files.pythonhosted.org/packages/98/db/e91b9076f3a888e3b4ad7972ea3842297a52cc52e73fd1e529856e473510/coverage-7.9.1-cp310-cp310-macosx_11_0_arm64.whl", hash = "sha256:16aa0830d0c08a2c40c264cef801db8bc4fc0e1892782e45bcacbd5889270509", size = 212420, upload-time = "2025-06-13T13:00:34.027Z" },
    { url = "https://files.pythonhosted.org/packages/0e/d0/2b3733412954576b0aea0a16c3b6b8fbe95eb975d8bfa10b07359ead4252/coverage-7.9.1-cp310-cp310-manylinux_2_17_aarch64.manylinux2014_aarch64.whl", hash = "sha256:cf95981b126f23db63e9dbe4cf65bd71f9a6305696fa5e2262693bc4e2183f5b", size = 241529, upload-time = "2025-06-13T13:00:35.786Z" },
    { url = "https://files.pythonhosted.org/packages/b3/00/5e2e5ae2e750a872226a68e984d4d3f3563cb01d1afb449a17aa819bc2c4/coverage-7.9.1-cp310-cp310-manylinux_2_5_i686.manylinux1_i686.manylinux_2_17_i686.manylinux2014_i686.whl", hash = "sha256:f05031cf21699785cd47cb7485f67df619e7bcdae38e0fde40d23d3d0210d3c3", size = 239403, upload-time = "2025-06-13T13:00:37.399Z" },
    { url = "https://files.pythonhosted.org/packages/37/3b/a2c27736035156b0a7c20683afe7df498480c0dfdf503b8c878a21b6d7fb/coverage-7.9.1-cp310-cp310-manylinux_2_5_x86_64.manylinux1_x86_64.manylinux_2_17_x86_64.manylinux2014_x86_64.whl", hash = "sha256:bb4fbcab8764dc072cb651a4bcda4d11fb5658a1d8d68842a862a6610bd8cfa3", size = 240548, upload-time = "2025-06-13T13:00:39.647Z" },
    { url = "https://files.pythonhosted.org/packages/98/f5/13d5fc074c3c0e0dc80422d9535814abf190f1254d7c3451590dc4f8b18c/coverage-7.9.1-cp310-cp310-musllinux_1_2_aarch64.whl", hash = "sha256:0f16649a7330ec307942ed27d06ee7e7a38417144620bb3d6e9a18ded8a2d3e5", size = 240459, upload-time = "2025-06-13T13:00:40.934Z" },
    { url = "https://files.pythonhosted.org/packages/36/24/24b9676ea06102df824c4a56ffd13dc9da7904478db519efa877d16527d5/coverage-7.9.1-cp310-cp310-musllinux_1_2_i686.whl", hash = "sha256:cea0a27a89e6432705fffc178064503508e3c0184b4f061700e771a09de58187", size = 239128, upload-time = "2025-06-13T13:00:42.343Z" },
    { url = "https://files.pythonhosted.org/packages/be/05/242b7a7d491b369ac5fee7908a6e5ba42b3030450f3ad62c645b40c23e0e/coverage-7.9.1-cp310-cp310-musllinux_1_2_x86_64.whl", hash = "sha256:e980b53a959fa53b6f05343afbd1e6f44a23ed6c23c4b4c56c6662bbb40c82ce", size = 239402, upload-time = "2025-06-13T13:00:43.634Z" },
    { url = "https://files.pythonhosted.org/packages/73/e0/4de7f87192fa65c9c8fbaeb75507e124f82396b71de1797da5602898be32/coverage-7.9.1-cp310-cp310-win32.whl", hash = "sha256:70760b4c5560be6ca70d11f8988ee6542b003f982b32f83d5ac0b72476607b70", size = 214518, upload-time = "2025-06-13T13:00:45.622Z" },
    { url = "https://files.pythonhosted.org/packages/d5/ab/5e4e2fe458907d2a65fab62c773671cfc5ac704f1e7a9ddd91996f66e3c2/coverage-7.9.1-cp310-cp310-win_amd64.whl", hash = "sha256:a66e8f628b71f78c0e0342003d53b53101ba4e00ea8dabb799d9dba0abbbcebe", size = 215436, upload-time = "2025-06-13T13:00:47.245Z" },
    { url = "https://files.pythonhosted.org/packages/60/34/fa69372a07d0903a78ac103422ad34db72281c9fc625eba94ac1185da66f/coverage-7.9.1-cp311-cp311-macosx_10_9_x86_64.whl", hash = "sha256:95c765060e65c692da2d2f51a9499c5e9f5cf5453aeaf1420e3fc847cc060582", size = 212146, upload-time = "2025-06-13T13:00:48.496Z" },
    { url = "https://files.pythonhosted.org/packages/27/f0/da1894915d2767f093f081c42afeba18e760f12fdd7a2f4acbe00564d767/coverage-7.9.1-cp311-cp311-macosx_11_0_arm64.whl", hash = "sha256:ba383dc6afd5ec5b7a0d0c23d38895db0e15bcba7fb0fa8901f245267ac30d86", size = 212536, upload-time = "2025-06-13T13:00:51.535Z" },
    { url = "https://files.pythonhosted.org/packages/10/d5/3fc33b06e41e390f88eef111226a24e4504d216ab8e5d1a7089aa5a3c87a/coverage-7.9.1-cp311-cp311-manylinux_2_17_aarch64.manylinux2014_aarch64.whl", hash = "sha256:37ae0383f13cbdcf1e5e7014489b0d71cc0106458878ccde52e8a12ced4298ed", size = 245092, upload-time = "2025-06-13T13:00:52.883Z" },
    { url = "https://files.pythonhosted.org/packages/0a/39/7aa901c14977aba637b78e95800edf77f29f5a380d29768c5b66f258305b/coverage-7.9.1-cp311-cp311-manylinux_2_5_i686.manylinux1_i686.manylinux_2_17_i686.manylinux2014_i686.whl", hash = "sha256:69aa417a030bf11ec46149636314c24c8d60fadb12fc0ee8f10fda0d918c879d", size = 242806, upload-time = "2025-06-13T13:00:54.571Z" },
    { url = "https://files.pythonhosted.org/packages/43/fc/30e5cfeaf560b1fc1989227adedc11019ce4bb7cce59d65db34fe0c2d963/coverage-7.9.1-cp311-cp311-manylinux_2_5_x86_64.manylinux1_x86_64.manylinux_2_17_x86_64.manylinux2014_x86_64.whl", hash = "sha256:0a4be2a28656afe279b34d4f91c3e26eccf2f85500d4a4ff0b1f8b54bf807338", size = 244610, upload-time = "2025-06-13T13:00:56.932Z" },
    { url = "https://files.pythonhosted.org/packages/bf/15/cca62b13f39650bc87b2b92bb03bce7f0e79dd0bf2c7529e9fc7393e4d60/coverage-7.9.1-cp311-cp311-musllinux_1_2_aarch64.whl", hash = "sha256:382e7ddd5289f140259b610e5f5c58f713d025cb2f66d0eb17e68d0a94278875", size = 244257, upload-time = "2025-06-13T13:00:58.545Z" },
    { url = "https://files.pythonhosted.org/packages/cd/1a/c0f2abe92c29e1464dbd0ff9d56cb6c88ae2b9e21becdb38bea31fcb2f6c/coverage-7.9.1-cp311-cp311-musllinux_1_2_i686.whl", hash = "sha256:e5532482344186c543c37bfad0ee6069e8ae4fc38d073b8bc836fc8f03c9e250", size = 242309, upload-time = "2025-06-13T13:00:59.836Z" },
    { url = "https://files.pythonhosted.org/packages/57/8d/c6fd70848bd9bf88fa90df2af5636589a8126d2170f3aade21ed53f2b67a/coverage-7.9.1-cp311-cp311-musllinux_1_2_x86_64.whl", hash = "sha256:a39d18b3f50cc121d0ce3838d32d58bd1d15dab89c910358ebefc3665712256c", size = 242898, upload-time = "2025-06-13T13:01:02.506Z" },
    { url = "https://files.pythonhosted.org/packages/c2/9e/6ca46c7bff4675f09a66fe2797cd1ad6a24f14c9c7c3b3ebe0470a6e30b8/coverage-7.9.1-cp311-cp311-win32.whl", hash = "sha256:dd24bd8d77c98557880def750782df77ab2b6885a18483dc8588792247174b32", size = 214561, upload-time = "2025-06-13T13:01:04.012Z" },
    { url = "https://files.pythonhosted.org/packages/a1/30/166978c6302010742dabcdc425fa0f938fa5a800908e39aff37a7a876a13/coverage-7.9.1-cp311-cp311-win_amd64.whl", hash = "sha256:6b55ad10a35a21b8015eabddc9ba31eb590f54adc9cd39bcf09ff5349fd52125", size = 215493, upload-time = "2025-06-13T13:01:05.702Z" },
    { url = "https://files.pythonhosted.org/packages/60/07/a6d2342cd80a5be9f0eeab115bc5ebb3917b4a64c2953534273cf9bc7ae6/coverage-7.9.1-cp311-cp311-win_arm64.whl", hash = "sha256:6ad935f0016be24c0e97fc8c40c465f9c4b85cbbe6eac48934c0dc4d2568321e", size = 213869, upload-time = "2025-06-13T13:01:09.345Z" },
    { url = "https://files.pythonhosted.org/packages/68/d9/7f66eb0a8f2fce222de7bdc2046ec41cb31fe33fb55a330037833fb88afc/coverage-7.9.1-cp312-cp312-macosx_10_13_x86_64.whl", hash = "sha256:a8de12b4b87c20de895f10567639c0797b621b22897b0af3ce4b4e204a743626", size = 212336, upload-time = "2025-06-13T13:01:10.909Z" },
    { url = "https://files.pythonhosted.org/packages/20/20/e07cb920ef3addf20f052ee3d54906e57407b6aeee3227a9c91eea38a665/coverage-7.9.1-cp312-cp312-macosx_11_0_arm64.whl", hash = "sha256:5add197315a054e92cee1b5f686a2bcba60c4c3e66ee3de77ace6c867bdee7cb", size = 212571, upload-time = "2025-06-13T13:01:12.518Z" },
    { url = "https://files.pythonhosted.org/packages/78/f8/96f155de7e9e248ca9c8ff1a40a521d944ba48bec65352da9be2463745bf/coverage-7.9.1-cp312-cp312-manylinux_2_17_aarch64.manylinux2014_aarch64.whl", hash = "sha256:600a1d4106fe66f41e5d0136dfbc68fe7200a5cbe85610ddf094f8f22e1b0300", size = 246377, upload-time = "2025-06-13T13:01:14.87Z" },
    { url = "https://files.pythonhosted.org/packages/3e/cf/1d783bd05b7bca5c10ded5f946068909372e94615a4416afadfe3f63492d/coverage-7.9.1-cp312-cp312-manylinux_2_5_i686.manylinux1_i686.manylinux_2_17_i686.manylinux2014_i686.whl", hash = "sha256:2a876e4c3e5a2a1715a6608906aa5a2e0475b9c0f68343c2ada98110512ab1d8", size = 243394, upload-time = "2025-06-13T13:01:16.23Z" },
    { url = "https://files.pythonhosted.org/packages/02/dd/e7b20afd35b0a1abea09fb3998e1abc9f9bd953bee548f235aebd2b11401/coverage-7.9.1-cp312-cp312-manylinux_2_5_x86_64.manylinux1_x86_64.manylinux_2_17_x86_64.manylinux2014_x86_64.whl", hash = "sha256:81f34346dd63010453922c8e628a52ea2d2ccd73cb2487f7700ac531b247c8a5", size = 245586, upload-time = "2025-06-13T13:01:17.532Z" },
    { url = "https://files.pythonhosted.org/packages/4e/38/b30b0006fea9d617d1cb8e43b1bc9a96af11eff42b87eb8c716cf4d37469/coverage-7.9.1-cp312-cp312-musllinux_1_2_aarch64.whl", hash = "sha256:888f8eee13f2377ce86d44f338968eedec3291876b0b8a7289247ba52cb984cd", size = 245396, upload-time = "2025-06-13T13:01:19.164Z" },
    { url = "https://files.pythonhosted.org/packages/31/e4/4d8ec1dc826e16791f3daf1b50943e8e7e1eb70e8efa7abb03936ff48418/coverage-7.9.1-cp312-cp312-musllinux_1_2_i686.whl", hash = "sha256:9969ef1e69b8c8e1e70d591f91bbc37fc9a3621e447525d1602801a24ceda898", size = 243577, upload-time = "2025-06-13T13:01:22.433Z" },
    { url = "https://files.pythonhosted.org/packages/25/f4/b0e96c5c38e6e40ef465c4bc7f138863e2909c00e54a331da335faf0d81a/coverage-7.9.1-cp312-cp312-musllinux_1_2_x86_64.whl", hash = "sha256:60c458224331ee3f1a5b472773e4a085cc27a86a0b48205409d364272d67140d", size = 244809, upload-time = "2025-06-13T13:01:24.143Z" },
    { url = "https://files.pythonhosted.org/packages/8a/65/27e0a1fa5e2e5079bdca4521be2f5dabf516f94e29a0defed35ac2382eb2/coverage-7.9.1-cp312-cp312-win32.whl", hash = "sha256:5f646a99a8c2b3ff4c6a6e081f78fad0dde275cd59f8f49dc4eab2e394332e74", size = 214724, upload-time = "2025-06-13T13:01:25.435Z" },
    { url = "https://files.pythonhosted.org/packages/9b/a8/d5b128633fd1a5e0401a4160d02fa15986209a9e47717174f99dc2f7166d/coverage-7.9.1-cp312-cp312-win_amd64.whl", hash = "sha256:30f445f85c353090b83e552dcbbdad3ec84c7967e108c3ae54556ca69955563e", size = 215535, upload-time = "2025-06-13T13:01:27.861Z" },
    { url = "https://files.pythonhosted.org/packages/a3/37/84bba9d2afabc3611f3e4325ee2c6a47cd449b580d4a606b240ce5a6f9bf/coverage-7.9.1-cp312-cp312-win_arm64.whl", hash = "sha256:af41da5dca398d3474129c58cb2b106a5d93bbb196be0d307ac82311ca234342", size = 213904, upload-time = "2025-06-13T13:01:29.202Z" },
    { url = "https://files.pythonhosted.org/packages/d0/a7/a027970c991ca90f24e968999f7d509332daf6b8c3533d68633930aaebac/coverage-7.9.1-cp313-cp313-macosx_10_13_x86_64.whl", hash = "sha256:31324f18d5969feef7344a932c32428a2d1a3e50b15a6404e97cba1cc9b2c631", size = 212358, upload-time = "2025-06-13T13:01:30.909Z" },
    { url = "https://files.pythonhosted.org/packages/f2/48/6aaed3651ae83b231556750280682528fea8ac7f1232834573472d83e459/coverage-7.9.1-cp313-cp313-macosx_11_0_arm64.whl", hash = "sha256:0c804506d624e8a20fb3108764c52e0eef664e29d21692afa375e0dd98dc384f", size = 212620, upload-time = "2025-06-13T13:01:32.256Z" },
    { url = "https://files.pythonhosted.org/packages/6c/2a/f4b613f3b44d8b9f144847c89151992b2b6b79cbc506dee89ad0c35f209d/coverage-7.9.1-cp313-cp313-manylinux_2_17_aarch64.manylinux2014_aarch64.whl", hash = "sha256:ef64c27bc40189f36fcc50c3fb8f16ccda73b6a0b80d9bd6e6ce4cffcd810bbd", size = 245788, upload-time = "2025-06-13T13:01:33.948Z" },
    { url = "https://files.pythonhosted.org/packages/04/d2/de4fdc03af5e4e035ef420ed26a703c6ad3d7a07aff2e959eb84e3b19ca8/coverage-7.9.1-cp313-cp313-manylinux_2_5_i686.manylinux1_i686.manylinux_2_17_i686.manylinux2014_i686.whl", hash = "sha256:d4fe2348cc6ec372e25adec0219ee2334a68d2f5222e0cba9c0d613394e12d86", size = 243001, upload-time = "2025-06-13T13:01:35.285Z" },
    { url = "https://files.pythonhosted.org/packages/f5/e8/eed18aa5583b0423ab7f04e34659e51101135c41cd1dcb33ac1d7013a6d6/coverage-7.9.1-cp313-cp313-manylinux_2_5_x86_64.manylinux1_x86_64.manylinux_2_17_x86_64.manylinux2014_x86_64.whl", hash = "sha256:34ed2186fe52fcc24d4561041979a0dec69adae7bce2ae8d1c49eace13e55c43", size = 244985, upload-time = "2025-06-13T13:01:36.712Z" },
    { url = "https://files.pythonhosted.org/packages/17/f8/ae9e5cce8885728c934eaa58ebfa8281d488ef2afa81c3dbc8ee9e6d80db/coverage-7.9.1-cp313-cp313-musllinux_1_2_aarch64.whl", hash = "sha256:25308bd3d00d5eedd5ae7d4357161f4df743e3c0240fa773ee1b0f75e6c7c0f1", size = 245152, upload-time = "2025-06-13T13:01:39.303Z" },
    { url = "https://files.pythonhosted.org/packages/5a/c8/272c01ae792bb3af9b30fac14d71d63371db227980682836ec388e2c57c0/coverage-7.9.1-cp313-cp313-musllinux_1_2_i686.whl", hash = "sha256:73e9439310f65d55a5a1e0564b48e34f5369bee943d72c88378f2d576f5a5751", size = 243123, upload-time = "2025-06-13T13:01:40.727Z" },
    { url = "https://files.pythonhosted.org/packages/8c/d0/2819a1e3086143c094ab446e3bdf07138527a7b88cb235c488e78150ba7a/coverage-7.9.1-cp313-cp313-musllinux_1_2_x86_64.whl", hash = "sha256:37ab6be0859141b53aa89412a82454b482c81cf750de4f29223d52268a86de67", size = 244506, upload-time = "2025-06-13T13:01:42.184Z" },
    { url = "https://files.pythonhosted.org/packages/8b/4e/9f6117b89152df7b6112f65c7a4ed1f2f5ec8e60c4be8f351d91e7acc848/coverage-7.9.1-cp313-cp313-win32.whl", hash = "sha256:64bdd969456e2d02a8b08aa047a92d269c7ac1f47e0c977675d550c9a0863643", size = 214766, upload-time = "2025-06-13T13:01:44.482Z" },
    { url = "https://files.pythonhosted.org/packages/27/0f/4b59f7c93b52c2c4ce7387c5a4e135e49891bb3b7408dcc98fe44033bbe0/coverage-7.9.1-cp313-cp313-win_amd64.whl", hash = "sha256:be9e3f68ca9edb897c2184ad0eee815c635565dbe7a0e7e814dc1f7cbab92c0a", size = 215568, upload-time = "2025-06-13T13:01:45.772Z" },
    { url = "https://files.pythonhosted.org/packages/09/1e/9679826336f8c67b9c39a359352882b24a8a7aee48d4c9cad08d38d7510f/coverage-7.9.1-cp313-cp313-win_arm64.whl", hash = "sha256:1c503289ffef1d5105d91bbb4d62cbe4b14bec4d13ca225f9c73cde9bb46207d", size = 213939, upload-time = "2025-06-13T13:01:47.087Z" },
    { url = "https://files.pythonhosted.org/packages/bb/5b/5c6b4e7a407359a2e3b27bf9c8a7b658127975def62077d441b93a30dbe8/coverage-7.9.1-cp313-cp313t-macosx_10_13_x86_64.whl", hash = "sha256:0b3496922cb5f4215bf5caaef4cf12364a26b0be82e9ed6d050f3352cf2d7ef0", size = 213079, upload-time = "2025-06-13T13:01:48.554Z" },
    { url = "https://files.pythonhosted.org/packages/a2/22/1e2e07279fd2fd97ae26c01cc2186e2258850e9ec125ae87184225662e89/coverage-7.9.1-cp313-cp313t-macosx_11_0_arm64.whl", hash = "sha256:9565c3ab1c93310569ec0d86b017f128f027cab0b622b7af288696d7ed43a16d", size = 213299, upload-time = "2025-06-13T13:01:49.997Z" },
    { url = "https://files.pythonhosted.org/packages/14/c0/4c5125a4b69d66b8c85986d3321520f628756cf524af810baab0790c7647/coverage-7.9.1-cp313-cp313t-manylinux_2_17_aarch64.manylinux2014_aarch64.whl", hash = "sha256:2241ad5dbf79ae1d9c08fe52b36d03ca122fb9ac6bca0f34439e99f8327ac89f", size = 256535, upload-time = "2025-06-13T13:01:51.314Z" },
    { url = "https://files.pythonhosted.org/packages/81/8b/e36a04889dda9960be4263e95e777e7b46f1bb4fc32202612c130a20c4da/coverage-7.9.1-cp313-cp313t-manylinux_2_5_i686.manylinux1_i686.manylinux_2_17_i686.manylinux2014_i686.whl", hash = "sha256:3bb5838701ca68b10ebc0937dbd0eb81974bac54447c55cd58dea5bca8451029", size = 252756, upload-time = "2025-06-13T13:01:54.403Z" },
    { url = "https://files.pythonhosted.org/packages/98/82/be04eff8083a09a4622ecd0e1f31a2c563dbea3ed848069e7b0445043a70/coverage-7.9.1-cp313-cp313t-manylinux_2_5_x86_64.manylinux1_x86_64.manylinux_2_17_x86_64.manylinux2014_x86_64.whl", hash = "sha256:b30a25f814591a8c0c5372c11ac8967f669b97444c47fd794926e175c4047ece", size = 254912, upload-time = "2025-06-13T13:01:56.769Z" },
    { url = "https://files.pythonhosted.org/packages/0f/25/c26610a2c7f018508a5ab958e5b3202d900422cf7cdca7670b6b8ca4e8df/coverage-7.9.1-cp313-cp313t-musllinux_1_2_aarch64.whl", hash = "sha256:2d04b16a6062516df97969f1ae7efd0de9c31eb6ebdceaa0d213b21c0ca1a683", size = 256144, upload-time = "2025-06-13T13:01:58.19Z" },
    { url = "https://files.pythonhosted.org/packages/c5/8b/fb9425c4684066c79e863f1e6e7ecebb49e3a64d9f7f7860ef1688c56f4a/coverage-7.9.1-cp313-cp313t-musllinux_1_2_i686.whl", hash = "sha256:7931b9e249edefb07cd6ae10c702788546341d5fe44db5b6108a25da4dca513f", size = 254257, upload-time = "2025-06-13T13:01:59.645Z" },
    { url = "https://files.pythonhosted.org/packages/93/df/27b882f54157fc1131e0e215b0da3b8d608d9b8ef79a045280118a8f98fe/coverage-7.9.1-cp313-cp313t-musllinux_1_2_x86_64.whl", hash = "sha256:52e92b01041151bf607ee858e5a56c62d4b70f4dac85b8c8cb7fb8a351ab2c10", size = 255094, upload-time = "2025-06-13T13:02:01.37Z" },
    { url = "https://files.pythonhosted.org/packages/41/5f/cad1c3dbed8b3ee9e16fa832afe365b4e3eeab1fb6edb65ebbf745eabc92/coverage-7.9.1-cp313-cp313t-win32.whl", hash = "sha256:684e2110ed84fd1ca5f40e89aa44adf1729dc85444004111aa01866507adf363", size = 215437, upload-time = "2025-06-13T13:02:02.905Z" },
    { url = "https://files.pythonhosted.org/packages/99/4d/fad293bf081c0e43331ca745ff63673badc20afea2104b431cdd8c278b4c/coverage-7.9.1-cp313-cp313t-win_amd64.whl", hash = "sha256:437c576979e4db840539674e68c84b3cda82bc824dd138d56bead1435f1cb5d7", size = 216605, upload-time = "2025-06-13T13:02:05.638Z" },
    { url = "https://files.pythonhosted.org/packages/1f/56/4ee027d5965fc7fc126d7ec1187529cc30cc7d740846e1ecb5e92d31b224/coverage-7.9.1-cp313-cp313t-win_arm64.whl", hash = "sha256:18a0912944d70aaf5f399e350445738a1a20b50fbea788f640751c2ed9208b6c", size = 214392, upload-time = "2025-06-13T13:02:07.642Z" },
    { url = "https://files.pythonhosted.org/packages/3e/e5/c723545c3fd3204ebde3b4cc4b927dce709d3b6dc577754bb57f63ca4a4a/coverage-7.9.1-pp39.pp310.pp311-none-any.whl", hash = "sha256:db0f04118d1db74db6c9e1cb1898532c7dcc220f1d2718f058601f7c3f499514", size = 204009, upload-time = "2025-06-13T13:02:25.787Z" },
    { url = "https://files.pythonhosted.org/packages/08/b8/7ddd1e8ba9701dea08ce22029917140e6f66a859427406579fd8d0ca7274/coverage-7.9.1-py3-none-any.whl", hash = "sha256:66b974b145aa189516b6bf2d8423e888b742517d37872f6ee4c5be0073bd9a3c", size = 204000, upload-time = "2025-06-13T13:02:27.173Z" },
]

[[package]]
name = "distlib"
version = "0.3.9"
source = { registry = "https://pypi.org/simple" }
sdist = { url = "https://files.pythonhosted.org/packages/0d/dd/1bec4c5ddb504ca60fc29472f3d27e8d4da1257a854e1d96742f15c1d02d/distlib-0.3.9.tar.gz", hash = "sha256:a60f20dea646b8a33f3e7772f74dc0b2d0772d2837ee1342a00645c81edf9403", size = 613923, upload-time = "2024-10-09T18:35:47.551Z" }
wheels = [
    { url = "https://files.pythonhosted.org/packages/91/a1/cf2472db20f7ce4a6be1253a81cfdf85ad9c7885ffbed7047fb72c24cf87/distlib-0.3.9-py2.py3-none-any.whl", hash = "sha256:47f8c22fd27c27e25a65601af709b38e4f0a45ea4fc2e710f65755fa8caaaf87", size = 468973, upload-time = "2024-10-09T18:35:44.272Z" },
]

[[package]]
name = "filelock"
version = "3.25.0"
source = { registry = "https://pypi.org/simple" }
sdist = { url = "https://files.pythonhosted.org/packages/77/18/a1fd2231c679dcb9726204645721b12498aeac28e1ad0601038f94b42556/filelock-3.25.0.tar.gz", hash = "sha256:8f00faf3abf9dc730a1ffe9c354ae5c04e079ab7d3a683b7c32da5dd05f26af3", size = 40158, upload-time = "2026-03-01T15:08:45.916Z" }
wheels = [
    { url = "https://files.pythonhosted.org/packages/f9/0b/de6f54d4a8bedfe8645c41497f3c18d749f0bd3218170c667bf4b81d0cdd/filelock-3.25.0-py3-none-any.whl", hash = "sha256:5ccf8069f7948f494968fc0713c10e5c182a9c9d9eef3a636307a20c2490f047", size = 26427, upload-time = "2026-03-01T15:08:44.593Z" },
]

[[package]]
name = "identify"
version = "2.6.12"
source = { registry = "https://pypi.org/simple" }
sdist = { url = "https://files.pythonhosted.org/packages/a2/88/d193a27416618628a5eea64e3223acd800b40749a96ffb322a9b55a49ed1/identify-2.6.12.tar.gz", hash = "sha256:d8de45749f1efb108badef65ee8386f0f7bb19a7f26185f74de6367bffbaf0e6", size = 99254, upload-time = "2025-05-23T20:37:53.3Z" }
wheels = [
    { url = "https://files.pythonhosted.org/packages/7a/cd/18f8da995b658420625f7ef13f037be53ae04ec5ad33f9b718240dcfd48c/identify-2.6.12-py2.py3-none-any.whl", hash = "sha256:ad9672d5a72e0d2ff7c5c8809b62dfa60458626352fb0eb7b55e69bdc45334a2", size = 99145, upload-time = "2025-05-23T20:37:51.495Z" },
]

[[package]]
name = "nodeenv"
version = "1.9.1"
source = { registry = "https://pypi.org/simple" }
sdist = { url = "https://files.pythonhosted.org/packages/43/16/fc88b08840de0e0a72a2f9d8c6bae36be573e475a6326ae854bcc549fc45/nodeenv-1.9.1.tar.gz", hash = "sha256:6ec12890a2dab7946721edbfbcd91f3319c6ccc9aec47be7c7e6b7011ee6645f", size = 47437, upload-time = "2024-06-04T18:44:11.171Z" }
wheels = [
    { url = "https://files.pythonhosted.org/packages/d2/1d/1b658dbd2b9fa9c4c9f32accbfc0205d532c8c6194dc0f2a4c0428e7128a/nodeenv-1.9.1-py2.py3-none-any.whl", hash = "sha256:ba11c9782d29c27c70ffbdda2d7415098754709be8a7056d79a737cd901155c9", size = 22314, upload-time = "2024-06-04T18:44:08.352Z" },
]

[[package]]
name = "platformdirs"
version = "4.3.8"
source = { registry = "https://pypi.org/simple" }
sdist = { url = "https://files.pythonhosted.org/packages/fe/8b/3c73abc9c759ecd3f1f7ceff6685840859e8070c4d947c93fae71f6a0bf2/platformdirs-4.3.8.tar.gz", hash = "sha256:3d512d96e16bcb959a814c9f348431070822a6496326a4be0911c40b5a74c2bc", size = 21362, upload-time = "2025-05-07T22:47:42.121Z" }
wheels = [
    { url = "https://files.pythonhosted.org/packages/fe/39/979e8e21520d4e47a0bbe349e2713c0aac6f3d853d0e5b34d76206c439aa/platformdirs-4.3.8-py3-none-any.whl", hash = "sha256:ff7059bb7eb1179e2685604f4aaf157cfd9535242bd23742eadc3c13542139b4", size = 18567, upload-time = "2025-05-07T22:47:40.376Z" },
]

[[package]]
name = "pluggy"
source = { editable = "." }

[package.dev-dependencies]
dev = [
    { name = "pre-commit" },
    { name = "tox" },
]
testing = [
    { name = "coverage" },
    { name = "pytest" },
    { name = "pytest-benchmark" },
]

[package.metadata]

[package.metadata.requires-dev]
dev = [
    { name = "pre-commit" },
    { name = "tox" },
]
testing = [
    { name = "coverage" },
    { name = "pytest" },
    { name = "pytest-benchmark" },
]

[[package]]
name = "pre-commit"
version = "4.2.0"
source = { registry = "https://pypi.org/simple" }
dependencies = [
    { name = "cfgv" },
    { name = "identify" },
    { name = "nodeenv" },
    { name = "pyyaml" },
    { name = "virtualenv" },
]
sdist = { url = "https://files.pythonhosted.org/packages/08/39/679ca9b26c7bb2999ff122d50faa301e49af82ca9c066ec061cfbc0c6784/pre_commit-4.2.0.tar.gz", hash = "sha256:601283b9757afd87d40c4c4a9b2b5de9637a8ea02eaff7adc2d0fb4e04841146", size = 193424, upload-time = "2025-03-18T21:35:20.987Z" }
wheels = [
    { url = "https://files.pythonhosted.org/packages/88/74/a88bf1b1efeae488a0c0b7bdf71429c313722d1fc0f377537fbe554e6180/pre_commit-4.2.0-py2.py3-none-any.whl", hash = "sha256:a009ca7205f1eb497d10b845e52c838a98b6cdd2102a6c8e4540e94ee75c58bd", size = 220707, upload-time = "2025-03-18T21:35:19.343Z" },
]

[[package]]
name = "py"
version = "1.11.0"
source = { registry = "https://pypi.org/simple" }
sdist = { url = "https://files.pythonhosted.org/packages/98/ff/fec109ceb715d2a6b4c4a85a61af3b40c723a961e8828319fbcb15b868dc/py-1.11.0.tar.gz", hash = "sha256:51c75c4126074b472f746a24399ad32f6053d1b34b68d2fa41e558e6f4a98719", size = 207796, upload-time = "2021-11-04T17:17:01.377Z" }
wheels = [
    { url = "https://files.pythonhosted.org/packages/f6/f0/10642828a8dfb741e5f3fbaac830550a518a775c7fff6f04a007259b0548/py-1.11.0-py2.py3-none-any.whl", hash = "sha256:607c53218732647dff4acdfcd50cb62615cedf612e72d1724fb1a0cc6405b378", size = 98708, upload-time = "2021-11-04T17:17:00.152Z" },
]

[[package]]
name = "py-cpuinfo"
version = "9.0.0"
source = { registry = "https://pypi.org/simple" }
sdist = { url = "https://files.pythonhosted.org/packages/37/a8/d832f7293ebb21690860d2e01d8115e5ff6f2ae8bbdc953f0eb0fa4bd2c7/py-cpuinfo-9.0.0.tar.gz", hash = "sha256:3cdbbf3fac90dc6f118bfd64384f309edeadd902d7c8fb17f02ffa1fc3f49690", size = 104716, upload-time = "2022-10-25T20:38:06.303Z" }
wheels = [
    { url = "https://files.pythonhosted.org/packages/e0/a9/023730ba63db1e494a271cb018dcd361bd2c917ba7004c3e49d5daf795a2/py_cpuinfo-9.0.0-py3-none-any.whl", hash = "sha256:859625bc251f64e21f077d099d4162689c762b5d6a4c3c97553d56241c9674d5", size = 22335, upload-time = "2022-10-25T20:38:27.636Z" },
]

[[package]]
name = "pytest"
version = "3.2.5"
source = { registry = "https://pypi.org/simple" }
dependencies = [
    { name = "colorama", marker = "sys_platform == 'win32'" },
    { name = "py" },
    { name = "setuptools" },
]
sdist = { url = "https://files.pythonhosted.org/packages/1f/f8/8cd74c16952163ce0db0bd95fdd8810cbf093c08be00e6e665ebf0dc3138/pytest-3.2.5.tar.gz", hash = "sha256:6d5bd4f7113b444c55a3bbb5c738a3dd80d43563d063fc42dcb0aaefbdd78b81", size = 792397, upload-time = "2017-11-15T11:22:18.672Z" }
wheels = [
    { url = "https://files.pythonhosted.org/packages/ef/41/d8a61f1b2ba308e96b36106e95024977e30129355fd12087f23e4b9852a1/pytest-3.2.5-py2.py3-none-any.whl", hash = "sha256:241d7e7798d79192a123ceaf64c602b4d233eacf6d6e42ae27caa97f498b7dc6", size = 188182, upload-time = "2017-11-15T11:22:20.553Z" },
]

[[package]]
name = "pytest-benchmark"
version = "3.1.1"
source = { registry = "https://pypi.org/simple" }
dependencies = [
    { name = "py-cpuinfo" },
    { name = "pytest" },
]
sdist = { url = "https://files.pythonhosted.org/packages/e1/35/30e3e108dd3db531d3200f9e3234210a600fea5efc971e3dacd2458e2153/pytest-benchmark-3.1.1.tar.gz", hash = "sha256:185526b10b7cf1804cb0f32ac0653561ef2f233c6e50a9b3d8066a9757e36480", size = 333499, upload-time = "2017-07-26T11:55:29.652Z" }
wheels = [
    { url = "https://files.pythonhosted.org/packages/05/5e/c837bf9e3f060ecdd29c7e8f4648571094868dda0945b27d1c5fa595625e/pytest_benchmark-3.1.1-py2.py3-none-any.whl", hash = "sha256:3549545f1a051a789d956a4a9b176583cd6b847e621b788471e6c04b7d8d0e3c", size = 52635, upload-time = "2017-07-26T11:55:27.28Z" },
]

[[package]]
name = "pyyaml"
version = "6.0.2"
source = { registry = "https://pypi.org/simple" }
sdist = { url = "https://files.pythonhosted.org/packages/54/ed/79a089b6be93607fa5cdaedf301d7dfb23af5f25c398d5ead2525b063e17/pyyaml-6.0.2.tar.gz", hash = "sha256:d584d9ec91ad65861cc08d42e834324ef890a082e591037abe114850ff7bbc3e", size = 130631, upload-time = "2024-08-06T20:33:50.674Z" }
wheels = [
    { url = "https://files.pythonhosted.org/packages/9b/95/a3fac87cb7158e231b5a6012e438c647e1a87f09f8e0d123acec8ab8bf71/PyYAML-6.0.2-cp310-cp310-macosx_10_9_x86_64.whl", hash = "sha256:0a9a2848a5b7feac301353437eb7d5957887edbf81d56e903999a75a3d743086", size = 184199, upload-time = "2024-08-06T20:31:40.178Z" },
    { url = "https://files.pythonhosted.org/packages/c7/7a/68bd47624dab8fd4afbfd3c48e3b79efe09098ae941de5b58abcbadff5cb/PyYAML-6.0.2-cp310-cp310-macosx_11_0_arm64.whl", hash = "sha256:29717114e51c84ddfba879543fb232a6ed60086602313ca38cce623c1d62cfbf", size = 171758, upload-time = "2024-08-06T20:31:42.173Z" },
    { url = "https://files.pythonhosted.org/packages/49/ee/14c54df452143b9ee9f0f29074d7ca5516a36edb0b4cc40c3f280131656f/PyYAML-6.0.2-cp310-cp310-manylinux_2_17_aarch64.manylinux2014_aarch64.whl", hash = "sha256:8824b5a04a04a047e72eea5cec3bc266db09e35de6bdfe34c9436ac5ee27d237", size = 718463, upload-time = "2024-08-06T20:31:44.263Z" },
    { url = "https://files.pythonhosted.org/packages/4d/61/de363a97476e766574650d742205be468921a7b532aa2499fcd886b62530/PyYAML-6.0.2-cp310-cp310-manylinux_2_17_s390x.manylinux2014_s390x.whl", hash = "sha256:7c36280e6fb8385e520936c3cb3b8042851904eba0e58d277dca80a5cfed590b", size = 719280, upload-time = "2024-08-06T20:31:50.199Z" },
    { url = "https://files.pythonhosted.org/packages/6b/4e/1523cb902fd98355e2e9ea5e5eb237cbc5f3ad5f3075fa65087aa0ecb669/PyYAML-6.0.2-cp310-cp310-manylinux_2_17_x86_64.manylinux2014_x86_64.whl", hash = "sha256:ec031d5d2feb36d1d1a24380e4db6d43695f3748343d99434e6f5f9156aaa2ed", size = 751239, upload-time = "2024-08-06T20:31:52.292Z" },
    { url = "https://files.pythonhosted.org/packages/b7/33/5504b3a9a4464893c32f118a9cc045190a91637b119a9c881da1cf6b7a72/PyYAML-6.0.2-cp310-cp310-musllinux_1_1_aarch64.whl", hash = "sha256:936d68689298c36b53b29f23c6dbb74de12b4ac12ca6cfe0e047bedceea56180", size = 695802, upload-time = "2024-08-06T20:31:53.836Z" },
    { url = "https://files.pythonhosted.org/packages/5c/20/8347dcabd41ef3a3cdc4f7b7a2aff3d06598c8779faa189cdbf878b626a4/PyYAML-6.0.2-cp310-cp310-musllinux_1_1_x86_64.whl", hash = "sha256:23502f431948090f597378482b4812b0caae32c22213aecf3b55325e049a6c68", size = 720527, upload-time = "2024-08-06T20:31:55.565Z" },
    { url = "https://files.pythonhosted.org/packages/be/aa/5afe99233fb360d0ff37377145a949ae258aaab831bde4792b32650a4378/PyYAML-6.0.2-cp310-cp310-win32.whl", hash = "sha256:2e99c6826ffa974fe6e27cdb5ed0021786b03fc98e5ee3c5bfe1fd5015f42b99", size = 144052, upload-time = "2024-08-06T20:31:56.914Z" },
    { url = "https://files.pythonhosted.org/packages/b5/84/0fa4b06f6d6c958d207620fc60005e241ecedceee58931bb20138e1e5776/PyYAML-6.0.2-cp310-cp310-win_amd64.whl", hash = "sha256:a4d3091415f010369ae4ed1fc6b79def9416358877534caf6a0fdd2146c87a3e", size = 161774, upload-time = "2024-08-06T20:31:58.304Z" },
    { url = "https://files.pythonhosted.org/packages/f8/aa/7af4e81f7acba21a4c6be026da38fd2b872ca46226673c89a758ebdc4fd2/PyYAML-6.0.2-cp311-cp311-macosx_10_9_x86_64.whl", hash = "sha256:cc1c1159b3d456576af7a3e4d1ba7e6924cb39de8f67111c735f6fc832082774", size = 184612, upload-time = "2024-08-06T20:32:03.408Z" },
    { url = "https://files.pythonhosted.org/packages/8b/62/b9faa998fd185f65c1371643678e4d58254add437edb764a08c5a98fb986/PyYAML-6.0.2-cp311-cp311-macosx_11_0_arm64.whl", hash = "sha256:1e2120ef853f59c7419231f3bf4e7021f1b936f6ebd222406c3b60212205d2ee", size = 172040, upload-time = "2024-08-06T20:32:04.926Z" },
    { url = "https://files.pythonhosted.org/packages/ad/0c/c804f5f922a9a6563bab712d8dcc70251e8af811fce4524d57c2c0fd49a4/PyYAML-6.0.2-cp311-cp311-manylinux_2_17_aarch64.manylinux2014_aarch64.whl", hash = "sha256:5d225db5a45f21e78dd9358e58a98702a0302f2659a3c6cd320564b75b86f47c", size = 736829, upload-time = "2024-08-06T20:32:06.459Z" },
    { url = "https://files.pythonhosted.org/packages/51/16/6af8d6a6b210c8e54f1406a6b9481febf9c64a3109c541567e35a49aa2e7/PyYAML-6.0.2-cp311-cp311-manylinux_2_17_s390x.manylinux2014_s390x.whl", hash = "sha256:5ac9328ec4831237bec75defaf839f7d4564be1e6b25ac710bd1a96321cc8317", size = 764167, upload-time = "2024-08-06T20:32:08.338Z" },
    { url = "https://files.pythonhosted.org/packages/75/e4/2c27590dfc9992f73aabbeb9241ae20220bd9452df27483b6e56d3975cc5/PyYAML-6.0.2-cp311-cp311-manylinux_2_17_x86_64.manylinux2014_x86_64.whl", hash = "sha256:3ad2a3decf9aaba3d29c8f537ac4b243e36bef957511b4766cb0057d32b0be85", size = 762952, upload-time = "2024-08-06T20:32:14.124Z" },
    { url = "https://files.pythonhosted.org/packages/9b/97/ecc1abf4a823f5ac61941a9c00fe501b02ac3ab0e373c3857f7d4b83e2b6/PyYAML-6.0.2-cp311-cp311-musllinux_1_1_aarch64.whl", hash = "sha256:ff3824dc5261f50c9b0dfb3be22b4567a6f938ccce4587b38952d85fd9e9afe4", size = 735301, upload-time = "2024-08-06T20:32:16.17Z" },
    { url = "https://files.pythonhosted.org/packages/45/73/0f49dacd6e82c9430e46f4a027baa4ca205e8b0a9dce1397f44edc23559d/PyYAML-6.0.2-cp311-cp311-musllinux_1_1_x86_64.whl", hash = "sha256:797b4f722ffa07cc8d62053e4cff1486fa6dc094105d13fea7b1de7d8bf71c9e", size = 756638, upload-time = "2024-08-06T20:32:18.555Z" },
    { url = "https://files.pythonhosted.org/packages/22/5f/956f0f9fc65223a58fbc14459bf34b4cc48dec52e00535c79b8db361aabd/PyYAML-6.0.2-cp311-cp311-win32.whl", hash = "sha256:11d8f3dd2b9c1207dcaf2ee0bbbfd5991f571186ec9cc78427ba5bd32afae4b5", size = 143850, upload-time = "2024-08-06T20:32:19.889Z" },
    { url = "https://files.pythonhosted.org/packages/ed/23/8da0bbe2ab9dcdd11f4f4557ccaf95c10b9811b13ecced089d43ce59c3c8/PyYAML-6.0.2-cp311-cp311-win_amd64.whl", hash = "sha256:e10ce637b18caea04431ce14fabcf5c64a1c61ec9c56b071a4b7ca131ca52d44", size = 161980, upload-time = "2024-08-06T20:32:21.273Z" },
    { url = "https://files.pythonhosted.org/packages/86/0c/c581167fc46d6d6d7ddcfb8c843a4de25bdd27e4466938109ca68492292c/PyYAML-6.0.2-cp312-cp312-macosx_10_9_x86_64.whl", hash = "sha256:c70c95198c015b85feafc136515252a261a84561b7b1d51e3384e0655ddf25ab", size = 183873, upload-time = "2024-08-06T20:32:25.131Z" },
    { url = "https://files.pythonhosted.org/packages/a8/0c/38374f5bb272c051e2a69281d71cba6fdb983413e6758b84482905e29a5d/PyYAML-6.0.2-cp312-cp312-macosx_11_0_arm64.whl", hash = "sha256:ce826d6ef20b1bc864f0a68340c8b3287705cae2f8b4b1d932177dcc76721725", size = 173302, upload-time = "2024-08-06T20:32:26.511Z" },
    { url = "https://files.pythonhosted.org/packages/c3/93/9916574aa8c00aa06bbac729972eb1071d002b8e158bd0e83a3b9a20a1f7/PyYAML-6.0.2-cp312-cp312-manylinux_2_17_aarch64.manylinux2014_aarch64.whl", hash = "sha256:1f71ea527786de97d1a0cc0eacd1defc0985dcf6b3f17bb77dcfc8c34bec4dc5", size = 739154, upload-time = "2024-08-06T20:32:28.363Z" },
    { url = "https://files.pythonhosted.org/packages/95/0f/b8938f1cbd09739c6da569d172531567dbcc9789e0029aa070856f123984/PyYAML-6.0.2-cp312-cp312-manylinux_2_17_s390x.manylinux2014_s390x.whl", hash = "sha256:9b22676e8097e9e22e36d6b7bda33190d0d400f345f23d4065d48f4ca7ae0425", size = 766223, upload-time = "2024-08-06T20:32:30.058Z" },
    { url = "https://files.pythonhosted.org/packages/b9/2b/614b4752f2e127db5cc206abc23a8c19678e92b23c3db30fc86ab731d3bd/PyYAML-6.0.2-cp312-cp312-manylinux_2_17_x86_64.manylinux2014_x86_64.whl", hash = "sha256:80bab7bfc629882493af4aa31a4cfa43a4c57c83813253626916b8c7ada83476", size = 767542, upload-time = "2024-08-06T20:32:31.881Z" },
    { url = "https://files.pythonhosted.org/packages/d4/00/dd137d5bcc7efea1836d6264f049359861cf548469d18da90cd8216cf05f/PyYAML-6.0.2-cp312-cp312-musllinux_1_1_aarch64.whl", hash = "sha256:0833f8694549e586547b576dcfaba4a6b55b9e96098b36cdc7ebefe667dfed48", size = 731164, upload-time = "2024-08-06T20:32:37.083Z" },
    { url = "https://files.pythonhosted.org/packages/c9/1f/4f998c900485e5c0ef43838363ba4a9723ac0ad73a9dc42068b12aaba4e4/PyYAML-6.0.2-cp312-cp312-musllinux_1_1_x86_64.whl", hash = "sha256:8b9c7197f7cb2738065c481a0461e50ad02f18c78cd75775628afb4d7137fb3b", size = 756611, upload-time = "2024-08-06T20:32:38.898Z" },
    { url = "https://files.pythonhosted.org/packages/df/d1/f5a275fdb252768b7a11ec63585bc38d0e87c9e05668a139fea92b80634c/PyYAML-6.0.2-cp312-cp312-win32.whl", hash = "sha256:ef6107725bd54b262d6dedcc2af448a266975032bc85ef0172c5f059da6325b4", size = 140591, upload-time = "2024-08-06T20:32:40.241Z" },
    { url = "https://files.pythonhosted.org/packages/0c/e8/4f648c598b17c3d06e8753d7d13d57542b30d56e6c2dedf9c331ae56312e/PyYAML-6.0.2-cp312-cp312-win_amd64.whl", hash = "sha256:7e7401d0de89a9a855c839bc697c079a4af81cf878373abd7dc625847d25cbd8", size = 156338, upload-time = "2024-08-06T20:32:41.93Z" },
    { url = "https://files.pythonhosted.org/packages/ef/e3/3af305b830494fa85d95f6d95ef7fa73f2ee1cc8ef5b495c7c3269fb835f/PyYAML-6.0.2-cp313-cp313-macosx_10_13_x86_64.whl", hash = "sha256:efdca5630322a10774e8e98e1af481aad470dd62c3170801852d752aa7a783ba", size = 181309, upload-time = "2024-08-06T20:32:43.4Z" },
    { url = "https://files.pythonhosted.org/packages/45/9f/3b1c20a0b7a3200524eb0076cc027a970d320bd3a6592873c85c92a08731/PyYAML-6.0.2-cp313-cp313-macosx_11_0_arm64.whl", hash = "sha256:50187695423ffe49e2deacb8cd10510bc361faac997de9efef88badc3bb9e2d1", size = 171679, upload-time = "2024-08-06T20:32:44.801Z" },
    { url = "https://files.pythonhosted.org/packages/7c/9a/337322f27005c33bcb656c655fa78325b730324c78620e8328ae28b64d0c/PyYAML-6.0.2-cp313-cp313-manylinux_2_17_aarch64.manylinux2014_aarch64.whl", hash = "sha256:0ffe8360bab4910ef1b9e87fb812d8bc0a308b0d0eef8c8f44e0254ab3b07133", size = 733428, upload-time = "2024-08-06T20:32:46.432Z" },
    { url = "https://files.pythonhosted.org/packages/a3/69/864fbe19e6c18ea3cc196cbe5d392175b4cf3d5d0ac1403ec3f2d237ebb5/PyYAML-6.0.2-cp313-cp313-manylinux_2_17_s390x.manylinux2014_s390x.whl", hash = "sha256:17e311b6c678207928d649faa7cb0d7b4c26a0ba73d41e99c4fff6b6c3276484", size = 763361, upload-time = "2024-08-06T20:32:51.188Z" },
    { url = "https://files.pythonhosted.org/packages/04/24/b7721e4845c2f162d26f50521b825fb061bc0a5afcf9a386840f23ea19fa/PyYAML-6.0.2-cp313-cp313-manylinux_2_17_x86_64.manylinux2014_x86_64.whl", hash = "sha256:70b189594dbe54f75ab3a1acec5f1e3faa7e8cf2f1e08d9b561cb41b845f69d5", size = 759523, upload-time = "2024-08-06T20:32:53.019Z" },
    { url = "https://files.pythonhosted.org/packages/2b/b2/e3234f59ba06559c6ff63c4e10baea10e5e7df868092bf9ab40e5b9c56b6/PyYAML-6.0.2-cp313-cp313-musllinux_1_1_aarch64.whl", hash = "sha256:41e4e3953a79407c794916fa277a82531dd93aad34e29c2a514c2c0c5fe971cc", size = 726660, upload-time = "2024-08-06T20:32:54.708Z" },
    { url = "https://files.pythonhosted.org/packages/fe/0f/25911a9f080464c59fab9027482f822b86bf0608957a5fcc6eaac85aa515/PyYAML-6.0.2-cp313-cp313-musllinux_1_1_x86_64.whl", hash = "sha256:68ccc6023a3400877818152ad9a1033e3db8625d899c72eacb5a668902e4d652", size = 751597, upload-time = "2024-08-06T20:32:56.985Z" },
    { url = "https://files.pythonhosted.org/packages/14/0d/e2c3b43bbce3cf6bd97c840b46088a3031085179e596d4929729d8d68270/PyYAML-6.0.2-cp313-cp313-win32.whl", hash = "sha256:bc2fa7c6b47d6bc618dd7fb02ef6fdedb1090ec036abab80d4681424b84c1183", size = 140527, upload-time = "2024-08-06T20:33:03.001Z" },
    { url = "https://files.pythonhosted.org/packages/fa/de/02b54f42487e3d3c6efb3f89428677074ca7bf43aae402517bc7cca949f3/PyYAML-6.0.2-cp313-cp313-win_amd64.whl", hash = "sha256:8388ee1976c416731879ac16da0aff3f63b286ffdd57cdeb95f3f2e085687563", size = 156446, upload-time = "2024-08-06T20:33:04.33Z" },
]

[[package]]
name = "setuptools"
version = "82.0.0"
source = { registry = "https://pypi.org/simple" }
sdist = { url = "https://files.pythonhosted.org/packages/82/f3/748f4d6f65d1756b9ae577f329c951cda23fb900e4de9f70900ced962085/setuptools-82.0.0.tar.gz", hash = "sha256:22e0a2d69474c6ae4feb01951cb69d515ed23728cf96d05513d36e42b62b37cb", size = 1144893, upload-time = "2026-02-08T15:08:40.206Z" }
wheels = [
    { url = "https://files.pythonhosted.org/packages/e1/c6/76dc613121b793286a3f91621d7b75a2b493e0390ddca50f11993eadf192/setuptools-82.0.0-py3-none-any.whl", hash = "sha256:70b18734b607bd1da571d097d236cfcfacaf01de45717d59e6e04b96877532e0", size = 1003468, upload-time = "2026-02-08T15:08:38.723Z" },
]

[[package]]
name = "tox"
version = "1.9.2"
source = { registry = "https://pypi.org/simple" }
dependencies = [
    { name = "py" },
    { name = "virtualenv" },
]
sdist = { url = "https://files.pythonhosted.org/packages/39/4b/eac6e23df2d2987a66b29942a6b641048c2bd484dc7251612262ea2fabc0/tox-1.9.2.tar.gz", hash = "sha256:3125a15da7381f59f835a25bd259a84acb7a69858c81e386c50027bd842bb91b", size = 93029, upload-time = "2015-03-23T21:02:15.119Z" }

[[package]]
name = "typing-extensions"
version = "4.14.0"
source = { registry = "https://pypi.org/simple" }
sdist = { url = "https://files.pythonhosted.org/packages/d1/bc/51647cd02527e87d05cb083ccc402f93e441606ff1f01739a62c8ad09ba5/typing_extensions-4.14.0.tar.gz", hash = "sha256:8676b788e32f02ab42d9e7c61324048ae4c6d844a399eebace3d4979d75ceef4", size = 107423, upload-time = "2025-06-02T14:52:11.399Z" }
wheels = [
    { url = "https://files.pythonhosted.org/packages/69/e0/552843e0d356fbb5256d21449fa957fa4eff3bbc135a74a691ee70c7c5da/typing_extensions-4.14.0-py3-none-any.whl", hash = "sha256:a1514509136dd0b477638fc68d6a91497af5076466ad0fa6c338e44e359944af", size = 43839, upload-time = "2025-06-02T14:52:10.026Z" },
]

[[package]]
name = "virtualenv"
version = "20.36.1"
source = { registry = "https://pypi.org/simple" }
dependencies = [
    { name = "distlib" },
    { name = "filelock" },
    { name = "platformdirs" },
    { name = "typing-extensions", marker = "python_full_version < '3.11'" },
]
sdist = { url = "https://files.pythonhosted.org/packages/aa/a3/4d310fa5f00863544e1d0f4de93bddec248499ccf97d4791bc3122c9d4f3/virtualenv-20.36.1.tar.gz", hash = "sha256:8befb5c81842c641f8ee658481e42641c68b5eab3521d8e092d18320902466ba", size = 6032239, upload-time = "2026-01-09T18:21:01.296Z" }
wheels = [
    { url = "https://files.pythonhosted.org/packages/6a/2a/dc2228b2888f51192c7dc766106cd475f1b768c10caaf9727659726f7391/virtualenv-20.36.1-py3-none-any.whl", hash = "sha256:575a8d6b124ef88f6f51d56d656132389f961062a9177016a50e4f507bbcc19f", size = 6008258, upload-time = "2026-01-09T18:20:59.425Z" },
]
